{
    "fig/link-util": {
        "version": "1.0.0"
    },
    "guzzlehttp/command": {
        "version": "1.0.0"
    },
    "guzzlehttp/guzzle": {
        "version": "6.4.1"
    },
    "guzzlehttp/guzzle-services": {
        "version": "1.1.3"
    },
    "guzzlehttp/promises": {
        "version": "v1.3.1"
    },
    "guzzlehttp/psr7": {
        "version": "1.6.1"
    },
    "knplabs/knp-time-bundle": {
        "version": "v1.10.0"
    },
    "knpuniversity/oauth2-client-bundle": {
        "version": "1.20",
        "recipe": {
            "repo": "github.com/symfony/recipes-contrib",
            "branch": "master",
            "version": "1.20",
            "ref": "80acc9223a205cbf5d9828fd616c82a374d281dd"
        },
        "files": [
            "./config/packages/knpu_oauth2_client.yaml"
        ]
    },
    "league/oauth2-client": {
        "version": "2.4.1"
    },
    "netresearch/jsonmapper": {
        "version": "v1.6.0"
    },
    "psr/http-message": {
        "version": "1.0.1"
    },
    "ralouphie/getallheaders": {
        "version": "3.0.3"
    },
    "restcord/restcord": {
        "version": "0.3.2"
    },
    "swiftmailer/swiftmailer": {
        "version": "v6.2.3"
    },
    "symfony/debug": {
        "version": "v4.3.8"
    },
    "symfony/polyfill-php72": {
        "version": "v1.12.0"
    },
    "symfony/swiftmailer-bundle": {
        "version": "2.5",
        "recipe": {
            "repo": "github.com/symfony/recipes",
            "branch": "master",
            "version": "2.5",
            "ref": "ae4d22af30bbd484506bc1817c5a3ef72c855b93"
        },
        "files": [
            "./config/packages/dev/swiftmailer.yaml",
            "./config/packages/swiftmailer.yaml",
            "./config/packages/test/swiftmailer.yaml"
        ]
    },
    "symfony/templating": {
        "version": "v4.3.9"
    },
    "symfony/web-server-bundle": {
        "version": "3.3",
        "recipe": {
            "repo": "github.com/symfony/recipes",
            "branch": "master",
            "version": "3.3",
            "ref": "dae9b39fd6717970be7601101ce5aa960bf53d9a"
        }
    },
    "wohali/oauth2-discord-new": {
        "version": "v1.0.0"
    }
}
